
Microsoft Visual Studio Solution File, Format Version 12.00
# Visual Studio Version 17
VisualStudioVersion = 17.10.35122.118
MinimumVisualStudioVersion = 10.0.40219.1
Project("{FAE04EC0-301F-11D3-BF4B-00C04F79EFBC}") = "YaMetro", "YaMetro.csproj", "{B9197C92-0255-409C-8B91-F819739498FC}"
EndProject
Global
	GlobalSection(SolutionConfigurationPlatforms) = preSolution
		Debug|Any CPU = Debug|Any CPU
		Release|Any CPU = Release|Any CPU
	EndGlobalSection
	GlobalSection(ProjectConfigurationPlatforms) = postSolution
		{B9197C92-0255-409C-8B91-F819739498FC}.Debug|Any CPU.ActiveCfg = Debug|Any CPU
		{B9197C92-0255-409C-8B91-F819739498FC}.Debug|Any CPU.Build.0 = Debug|Any CPU
		{B9197C92-0255-409C-8B91-F819739498FC}.Release|Any CPU.ActiveCfg = Release|Any CPU
		{B9197C92-0255-409C-8B91-F819739498FC}.Release|Any CPU.Build.0 = Release|Any CPU
	EndGlobalSection
	GlobalSection(SolutionProperties) = preSolution
		HideSolutionNode = FALSE
	EndGlobalSection
	GlobalSection(ExtensibilityGlobals) = postSolution
		SolutionGuid = {908975A6-3C99-4F89-B48E-DDBF047737A0}
	EndGlobalSection
EndGlobal
